<?xml version="1.0" encoding="UTF-8" standalone="yes" ?>
<CodeBlocks_project_file>
	<FileVersion major="1" minor="6" />
	<Project>
		<Option title="khedgehog" />
		<Option pch_mode="2" />
		<Option compiler="gcc" />
		<Build>
			<Target title="Debug">
				<Option output="bin/Debug/khedgehog" prefix_auto="1" extension_auto="1" />
				<Option object_output="obj/Debug/" />
				<Option type="1" />
				<Option compiler="gcc" />
				<Option parameters="roms/sonic1.md" />
				<Compiler>
					<Add option="-g" />
				</Compiler>
			</Target>
			<Target title="Release">
				<Option output="bin/Release/khedgehog" prefix_auto="1" extension_auto="1" />
				<Option object_output="obj/Release/" />
				<Option type="0" />
				<Option compiler="gcc" />
				<Option parameters="roms/sonic1.md" />
				<Compiler>
					<Add option="-O2" />
				</Compiler>
				<Linker>
					<Add option="-s" />
				</Linker>
			</Target>
		</Build>
		<Compiler>
			<Add option="`sdl2-config --cflags`" />
			<Add option="-Wall" />
		</Compiler>
		<Linker>
			<Add option="`sdl2-config --libs`" />
		</Linker>
		<Unit filename="apu/apu.cpp" />
		<Unit filename="apu/apu.h" />
		<Unit filename="apu/gameGear/apuGG.cpp" />
		<Unit filename="apu/gameGear/apuGG.h" />
		<Unit filename="apu/gameGear/memmapGGApu.cpp" />
		<Unit filename="apu/gameGear/memmapGGApu.h" />
		<Unit filename="apu/genesis/apuGenesis.cpp" />
		<Unit filename="apu/genesis/apuGenesis.h" />
		<Unit filename="apu/genesis/memmapGenesisApu.cpp" />
		<Unit filename="apu/genesis/memmapGenesisApu.h" />
		<Unit filename="apu/masterSystem/apuMS.cpp" />
		<Unit filename="apu/masterSystem/apuMS.h" />
		<Unit filename="apu/masterSystem/memmapMSApu.cpp" />
		<Unit filename="apu/masterSystem/memmapMSApu.h" />
		<Unit filename="apu/memmapApu.cpp" />
		<Unit filename="apu/memmapApu.h" />
		<Unit filename="apu/tiPsg.cpp" />
		<Unit filename="apu/tiPsg.h" />
		<Unit filename="apu/yamahaFm.cpp" />
		<Unit filename="apu/yamahaFm.h" />
		<Unit filename="config.cpp" />
		<Unit filename="config.h" />
		<Unit filename="cpu/cpu.cpp" />
		<Unit filename="cpu/cpu.h" />
		<Unit filename="cpu/gameGear/memmapGGCpu.cpp" />
		<Unit filename="cpu/gameGear/memmapGGCpu.h" />
		<Unit filename="cpu/genesis/memmapGenesisCpu.cpp" />
		<Unit filename="cpu/genesis/memmapGenesisCpu.h" />
		<Unit filename="cpu/m68k/cpuM68k.cpp" />
		<Unit filename="cpu/m68k/cpuM68k.h" />
		<Unit filename="cpu/m68k/m68kInstructions.h" />
		<Unit filename="cpu/m68k/memmapM68k.cpp" />
		<Unit filename="cpu/m68k/memmapM68k.h" />
		<Unit filename="cpu/masterSystem/memmapMSCpu.cpp" />
		<Unit filename="cpu/masterSystem/memmapMSCpu.h" />
		<Unit filename="cpu/memmapCpu.cpp" />
		<Unit filename="cpu/memmapCpu.h" />
		<Unit filename="cpu/z80/cpuZ80.cpp" />
		<Unit filename="cpu/z80/cpuZ80.h" />
		<Unit filename="cpu/z80/cpuZ80instructions.cpp" />
		<Unit filename="cpu/z80/memmapZ80.cpp" />
		<Unit filename="cpu/z80/memmapZ80.h" />
		<Unit filename="emulator.cpp" />
		<Unit filename="emulator.h" />
		<Unit filename="io/gameGear/inputMapperGG.cpp" />
		<Unit filename="io/gameGear/inputMapperGG.h" />
		<Unit filename="io/genesis/inputMapperGenesis.cpp" />
		<Unit filename="io/genesis/inputMapperGenesis.h" />
		<Unit filename="io/inputMapper.cpp" />
		<Unit filename="io/inputMapper.h" />
		<Unit filename="io/ioMgr.cpp" />
		<Unit filename="io/ioMgr.h" />
		<Unit filename="io/masterSystem/inputMapperMS.cpp" />
		<Unit filename="io/masterSystem/inputMapperMS.h" />
		<Unit filename="main.cpp" />
		<Unit filename="memmap.cpp" />
		<Unit filename="memmap.h" />
		<Unit filename="util.cpp" />
		<Unit filename="util.h" />
		<Unit filename="vdp/gameGear/memmapGGVdp.cpp" />
		<Unit filename="vdp/gameGear/memmapGGVdp.h" />
		<Unit filename="vdp/gameGear/vdpGG.cpp" />
		<Unit filename="vdp/gameGear/vdpGG.h" />
		<Unit filename="vdp/genesis/memmapGenesisVdp.cpp" />
		<Unit filename="vdp/genesis/memmapGenesisVdp.h" />
		<Unit filename="vdp/genesis/vdpGenesis.cpp" />
		<Unit filename="vdp/genesis/vdpGenesis.h" />
		<Unit filename="vdp/masterSystem/memmapMSVdp.cpp" />
		<Unit filename="vdp/masterSystem/memmapMSVdp.h" />
		<Unit filename="vdp/masterSystem/vdpMS.cpp" />
		<Unit filename="vdp/masterSystem/vdpMS.h" />
		<Unit filename="vdp/memmapVdp.cpp" />
		<Unit filename="vdp/memmapVdp.h" />
		<Unit filename="vdp/vdp.cpp" />
		<Unit filename="vdp/vdp.h" />
		<Extensions />
	</Project>
</CodeBlocks_project_file>
